// !$*UTF8*$!
{
	archiveVersion = 1;
	classes = {
	};
	objectVersion = 46;
	objects = {

/* Begin PBXBuildFile section */
		5270C88F1CFC3B43004BDBB7 /* main.m in Sources */ = {isa = PBXBuildFile; fileRef = 5270C88E1CFC3B43004BDBB7 /* main.m */; };
		5270C8921CFC3B43004BDBB7 /* AppDelegate.m in Sources */ = {isa = PBXBuildFile; fileRef = 5270C8911CFC3B43004BDBB7 /* AppDelegate.m */; };
		5270C8951CFC3B43004BDBB7 /* ViewController.m in Sources */ = {isa = PBXBuildFile; fileRef = 5270C8941CFC3B43004BDBB7 /* ViewController.m */; };
		5270C8981CFC3B43004BDBB7 /* Main.storyboard in Resources */ = {isa = PBXBuildFile; fileRef = 5270C8961CFC3B43004BDBB7 /* Main.storyboard */; };
		5270C89A1CFC3B43004BDBB7 /* Assets.xcassets in Resources */ = {isa = PBXBuildFile; fileRef = 5270C8991CFC3B43004BDBB7 /* Assets.xcassets */; };
		5270C89D1CFC3B43004BDBB7 /* LaunchScreen.storyboard in Resources */ = {isa = PBXBuildFile; fileRef = 5270C89B1CFC3B43004BDBB7 /* LaunchScreen.storyboard */; };
		6A758E5E1CFD233200A1CEFF /* TextFieldValidator.m in Sources */ = {isa = PBXBuildFile; fileRef = 6A758E5D1CFD233200A1CEFF /* TextFieldValidator.m */; };
/* End PBXBuildFile section */

/* Begin PBXFileReference section */
		5270C88A1CFC3B43004BDBB7 /* Registration Form.app */ = {isa = PBXFileReference; explicitFileType = wrapper.application; includeInIndex = 0; path = "Registration Form.app"; sourceTree = BUILT_PRODUCTS_DIR; };
		5270C88E1CFC3B43004BDBB7 /* main.m */ = {isa = PBXFileReference; lastKnownFileType = sourcecode.c.objc; path = main.m; sourceTree = "<group>"; };
		5270C8901CFC3B43004BDBB7 /* AppDelegate.h */ = {isa = PBXFileReference; lastKnownFileType = sourcecode.c.h; path = AppDelegate.h; sourceTree = "<group>"; };
		5270C8911CFC3B43004BDBB7 /* AppDelegate.m */ = {isa = PBXFileReference; lastKnownFileType = sourcecode.c.objc; path = AppDelegate.m; sourceTree = "<group>"; };
		5270C8931CFC3B43004BDBB7 /* ViewController.h */ = {isa = PBXFileReference; lastKnownFileType = sourcecode.c.h; path = ViewController.h; sourceTree = "<group>"; };
		5270C8941CFC3B43004BDBB7 /* ViewController.m */ = {isa = PBXFileReference; lastKnownFileType = sourcecode.c.objc; path = ViewController.m; sourceTree = "<group>"; };
		5270C8971CFC3B43004BDBB7 /* Base */ = {isa = PBXFileReference; lastKnownFileType = file.storyboard; name = Base; path = Base.lproj/Main.storyboard; sourceTree = "<group>"; };
		5270C8991CFC3B43004BDBB7 /* Assets.xcassets */ = {isa = PBXFileReference; lastKnownFileType = folder.assetcatalog; path = Assets.xcassets; sourceTree = "<group>"; };
		5270C89C1CFC3B43004BDBB7 /* Base */ = {isa = PBXFileReference; lastKnownFileType = file.storyboard; name = Base; path = Base.lproj/LaunchScreen.storyboard; sourceTree = "<group>"; };
		5270C89E1CFC3B43004BDBB7 /* Info.plist */ = {isa = PBXFileReference; lastKnownFileType = text.plist.xml; path = Info.plist; sourceTree = "<group>"; };
		6A758E5C1CFD233200A1CEFF /* TextFieldValidator.h */ = {isa = PBXFileReference; fileEncoding = 4; lastKnownFileType = sourcecode.c.h; path = TextFieldValidator.h; sourceTree = "<group>"; };
		6A758E5D1CFD233200A1CEFF /* TextFieldValidator.m */ = {isa = PBXFileReference; fileEncoding = 4; lastKnownFileType = sourcecode.c.objc; path = TextFieldValidator.m; sourceTree = "<group>"; };
/* End PBXFileReference section */

/* Begin PBXFrameworksBuildPhase section */
		5270C8871CFC3B43004BDBB7 /* Frameworks */ = {
			isa = PBXFrameworksBuildPhase;
			buildActionMask = 2147483647;
			files = (
			);
			runOnlyForDeploymentPostprocessing = 0;
		};
/* End PBXFrameworksBuildPhase section */

/* Begin PBXGroup section */
		5270C8811CFC3B43004BDBB7 = {
			isa = PBXGroup;
			children = (
				5270C88C1CFC3B43004BDBB7 /* Registration Form */,
				5270C88B1CFC3B43004BDBB7 /* Products */,
			);
			sourceTree = "<group>";
		};
		5270C88B1CFC3B43004BDBB7 /* Products */ = {
			isa = PBXGroup;
			children = (
				5270C88A1CFC3B43004BDBB7 /* Registration Form.app */,
			);
			name = Products;
			sourceTree = "<group>";
		};
		5270C88C1CFC3B43004BDBB7 /* Registration Form */ = {
			isa = PBXGroup;
			children = (
				5270C8901CFC3B43004BDBB7 /* AppDelegate.h */,
				5270C8911CFC3B43004BDBB7 /* AppDelegate.m */,
				5270C8931CFC3B43004BDBB7 /* ViewController.h */,
				5270C8941CFC3B43004BDBB7 /* ViewController.m */,
				6A758E5C1CFD233200A1CEFF /* TextFieldValidator.h */,
				6A758E5D1CFD233200A1CEFF /* TextFieldValidator.m */,
				5270C8961CFC3B43004BDBB7 /* Main.storyboard */,
				5270C8991CFC3B43004BDBB7 /* Assets.xcassets */,
				5270C89B1CFC3B43004BDBB7 /* LaunchScreen.storyboard */,
				5270C89E1CFC3B43004BDBB7 /* Info.plist */,
				5270C88D1CFC3B43004BDBB7 /* Supporting Files */,
			);
			path = "Registration Form";
			sourceTree = "<group>";
		};
		5270C88D1CFC3B43004BDBB7 /* Supporting Files */ = {
			isa = PBXGroup;
			children = (
				5270C88E1CFC3B43004BDBB7 /* main.m */,
			);
			name = "Supporting Files";
			sourceTree = "<group>";
		};
/* End PBXGroup section */

/* Begin PBXNativeTarget section */
		5270C8891CFC3B43004BDBB7 /* Registration Form */ = {
			isa = PBXNativeTarget;
			buildConfigurationList = 5270C8A11CFC3B43004BDBB7 /* Build configuration list for PBXNativeTarget "Registration Form" */;
			buildPhases = (
				5270C8861CFC3B43004BDBB7 /* Sources */,
				5270C8871CFC3B43004BDBB7 /* Frameworks */,
				5270C8881CFC3B43004BDBB7 /* Resources */,
			);
			buildRules = (
			);
			dependencies = (
			);
			name = "Registration Form";
			productName = "Registration Form";
			productReference = 5270C88A1CFC3B43004BDBB7 /* Registration Form.app */;
			productType = "com.apple.product-type.application";
		};
/* End PBXNativeTarget section */

/* Begin PBXProject section */
		5270C8821CFC3B43004BDBB7 /* Project object */ = {
			isa = PBXProject;
			attributes = {
				LastUpgradeCheck = 0730;
				ORGANIZATIONNAME = GlobalServices;
				TargetAttributes = {
					5270C8891CFC3B43004BDBB7 = {
						CreatedOnToolsVersion = 7.3;
					};
				};
			};
			buildConfigurationList = 5270C8851CFC3B43004BDBB7 /* Build configuration list for PBXProject "Registration Form" */;
			compatibilityVersion = "Xcode 3.2";
			developmentRegion = English;
			hasScannedForEncodings = 0;
			knownRegions = (
				en,
				Base,
			);
			mainGroup = 5270C8811CFC3B43004BDBB7;
			productRefGroup = 5270C88B1CFC3B43004BDBB7 /* Products */;
			projectDirPath = "";
			projectRoot = "";
			targets = (
				5270C8891CFC3B43004BDBB7 /* Registration Form */,
			);
		};
/* End PBXProject section */

/* Begin PBXResourcesBuildPhase section */
		5270C8881CFC3B43004BDBB7 /* Resources */ = {
			isa = PBXResourcesBuildPhase;
			buildActionMask = 2147483647;
			files = (
				5270C89D1CFC3B43004BDBB7 /* LaunchScreen.storyboard in Resources */,
				5270C89A1CFC3B43004BDBB7 /* Assets.xcassets in Resources */,
				5270C8981CFC3B43004BDBB7 /* Main.storyboard in Resources */,
			);
			runOnlyForDeploymentPostprocessing = 0;
		};
/* End PBXResourcesBuildPhase section */

/* Begin PBXSourcesBuildPhase section */
		5270C8861CFC3B43004BDBB7 /* Sources */ = {
			isa = PBXSourcesBuildPhase;
			buildActionMask = 2147483647;
			files = (
				5270C8951CFC3B43004BDBB7 /* ViewController.m in Sources */,
				5270C8921CFC3B43004BDBB7 /* AppDelegate.m in Sources */,
				6A758E5E1CFD233200A1CEFF /* TextFieldValidator.m in Sources */,
				5270C88F1CFC3B43004BDBB7 /* main.m in Sources */,
			);
			runOnlyForDeploymentPostprocessing = 0;
		};
/* End PBXSourcesBuildPhase section */

/* Begin PBXVariantGroup section */
		5270C8961CFC3B43004BDBB7 /* Main.storyboard */ = {
			isa = PBXVariantGroup;
			children = (
				5270C8971CFC3B43004BDBB7 /* Base */,
			);
			name = Main.storyboard;
			sourceTree = "<group>";
		};
		5270C89B1CFC3B43004BDBB7 /* LaunchScreen.storyboard */ = {
			isa = PBXVariantGroup;
			children = (
				5270C89C1CFC3B43004BDBB7 /* Base */,
			);
			name = LaunchScreen.storyboard;
			sourceTree = "<group>";
		};
/* End PBXVariantGroup section */

/* Begin XCBuildConfiguration section */
		5270C89F1CFC3B43004BDBB7 /* Debug */ = {
			isa = XCBuildConfiguration;
			buildSettings = {
				ALWAYS_SEARCH_USER_PATHS = NO;
				CLANG_ANALYZER_NONNULL = YES;
				CLANG_CXX_LANGUAGE_STANDARD = "gnu++0x";
				CLANG_CXX_LIBRARY = "libc++";
				CLANG_ENABLE_MODULES = YES;
				CLANG_ENABLE_OBJC_ARC = YES;
				CLANG_WARN_BOOL_CONVERSION = YES;
				CLANG_WARN_CONSTANT_CONVERSION = YES;
				CLANG_WARN_DIRECT_OBJC_ISA_USAGE = YES_ERROR;
				CLANG_WARN_EMPTY_BODY = YES;
				CLANG_WARN_ENUM_CONVERSION = YES;
				CLANG_WARN_INT_CONVERSION = YES;
				CLANG_WARN_OBJC_ROOT_CLASS = YES_ERROR;
				CLANG_WARN_UNREACHABLE_CODE = YES;
				CLANG_WARN__DUPLICATE_METHOD_MATCH = YES;
				"CODE_SIGN_IDENTITY[sdk=iphoneos*]" = "iPhone Developer";
				COPY_PHASE_STRIP = NO;
				DEBUG_INFORMATION_FORMAT = dwarf;
				ENABLE_STRICT_OBJC_MSGSEND = YES;
				ENABLE_TESTABILITY = YES;
				GCC_C_LANGUAGE_STANDARD = gnu99;
				GCC_DYNAMIC_NO_PIC = NO;
				GCC_NO_COMMON_BLOCKS = YES;
				GCC_OPTIMIZATION_LEVEL = 0;
				GCC_PREPROCESSOR_DEFINITIONS = (
					"DEBUG=1",
					"$(inherited)",
				);
				GCC_WARN_64_TO_32_BIT_CONVERSION = YES;
				GCC_WARN_ABOUT_RETURN_TYPE = YES_ERROR;
				GCC_WARN_UNDECLARED_SELECTOR = YES;
				GCC_WARN_UNINITIALIZED_AUTOS = YES_AGGRESSIVE;
				GCC_WARN_UNUSED_FUNCTION = YES;
				GCC_WARN_UNUSED_VARIABLE = YES;
				IPHONEOS_DEPLOYMENT_TARGET = 9.3;
				MTL_ENABLE_DEBUG_INFO = YES;
				ONLY_ACTIVE_ARCH = YES;
				SDKROOT = iphoneos;
			};
			name = Debug;
		};
		5270C8A01CFC3B43004BDBB7 /* Release */ = {
			isa = XCBuildConfiguration;
			buildSettings = {
				ALWAYS_SEARCH_USER_PATHS = NO;
				CLANG_ANALYZER_NONNULL = YES;
				CLANG_CXX_LANGUAGE_STANDARD = "gnu++0x";
				CLANG_CXX_LIBRARY = "libc++";
				CLANG_ENABLE_MODULES = YES;
				CLANG_ENABLE_OBJC_ARC = YES;
				CLANG_WARN_BOOL_CONVERSION = YES;
				CLANG_WARN_CONSTANT_CONVERSION = YES;
				CLANG_WARN_DIRECT_OBJC_ISA_USAGE = YES_ERROR;
				CLANG_WARN_EMPTY_BODY = YES;
				CLANG_WARN_ENUM_CONVERSION = YES;
				CLANG_WARN_INT_CONVERSION = YES;
				CLANG_WARN_OBJC_ROOT_CLASS = YES_ERROR;
				CLANG_WARN_UNREACHABLE_CODE = YES;
				CLANG_WARN__DUPLICATE_METHOD_MATCH = YES;
				"CODE_SIGN_IDENTITY[sdk=iphoneos*]" = "iPhone Developer";
				COPY_PHASE_STRIP = NO;
				DEBUG_INFORMATION_FORMAT = "dwarf-with-dsym";
				ENABLE_NS_ASSERTIONS = NO;
				ENABLE_STRICT_OBJC_MSGSEND = YES;
				GCC_C_LANGUAGE_STANDARD = gnu99;
				GCC_NO_COMMON_BLOCKS = YES;
				GCC_WARN_64_TO_32_BIT_CONVERSION = YES;
				GCC_WARN_ABOUT_RETURN_TYPE = YES_ERROR;
				GCC_WARN_UNDECLARED_SELECTOR = YES;
				GCC_WARN_UNINITIALIZED_AUTOS = YES_AGGRESSIVE;
				GCC_WARN_UNUSED_FUNCTION = YES;
				GCC_WARN_UNUSED_VARIABLE = YES;
				IPHONEOS_DEPLOYMENT_TARGET = 9.3;
				MTL_ENABLE_DEBUG_INFO = NO;
				SDKROOT = iphoneos;
				VALIDATE_PRODUCT = YES;
			};
			name = Release;
		};
		5270C8A21CFC3B43004BDBB7 /* Debug */ = {
			isa = XCBuildConfiguration;
			buildSettings = {
				ASSETCATALOG_COMPILER_APPICON_NAME = AppIcon;
				INFOPLIST_FILE = "Registration Form/Info.plist";
				IPHONEOS_DEPLOYMENT_TARGET = 7.0;
				LD_RUNPATH_SEARCH_PATHS = "$(inherited) @executable_path/Frameworks";
				PRODUCT_BUNDLE_IDENTIFIER = "com.globalservices.Registration-Form";
				PRODUCT_NAME = "$(TARGET_NAME)";
			};
			name = Debug;
		};
		5270C8A31CFC3B43004BDBB7 /* Release */ = {
			isa = XCBuildConfiguration;
			buildSettings = {
				ASSETCATALOG_COMPILER_APPICON_NAME = AppIcon;
				INFOPLIST_FILE = "Registration Form/Info.plist";
				IPHONEOS_DEPLOYMENT_TARGET = 7.0;
				LD_RUNPATH_SEARCH_PATHS = "$(inherited) @executable_path/Frameworks";
				PRODUCT_BUNDLE_IDENTIFIER = "com.globalservices.Registration-Form";
				PRODUCT_NAME = "$(TARGET_NAME)";
			};
			name = Release;
		};
/* End XCBuildConfiguration section */

/* Begin XCConfigurationList section */
		5270C8851CFC3B43004BDBB7 /* Build configuration list for PBXProject "Registration Form" */ = {
			isa = XCConfigurationList;
			buildConfigurations = (
				5270C89F1CFC3B43004BDBB7 /* Debug */,
				5270C8A01CFC3B43004BDBB7 /* Release */,
			);
			defaultConfigurationIsVisible = 0;
			defaultConfigurationName = Release;
		};
		5270C8A11CFC3B43004BDBB7 /* Build configuration list for PBXNativeTarget "Registration Form" */ = {
			isa = XCConfigurationList;
			buildConfigurations = (
				5270C8A21CFC3B43004BDBB7 /* Debug */,
				5270C8A31CFC3B43004BDBB7 /* Release */,
			);
			defaultConfigurationIsVisible = 0;
			defaultConfigurationName = Release;
		};
/* End XCConfigurationList section */
	};
	rootObject = 5270C8821CFC3B43004BDBB7 /* Project object */;
}
